
Microsoft Visual Studio Solution File, Format Version 12.00
# Visual Studio 15
VisualStudioVersion = 15.0.26124.0
MinimumVisualStudioVersion = 15.0.26124.0
Project("{2150E333-8FDC-42A3-9474-1A3956D46DE8}") = "src", "src", "{87DFF164-31BC-4CF3-A777-E5CAD92B9004}"
EndProject
Project("{FAE04EC0-301F-11D3-BF4B-00C04F79EFBC}") = "CommandAPI", "src\CommandAPI\CommandAPI.csproj", "{239D2E8F-6EDE-4A68-8AEB-6F825D537F9F}"
EndProject
Project("{2150E333-8FDC-42A3-9474-1A3956D46DE8}") = "test", "test", "{6E684416-54FF-498B-A7D0-F0BCB9A31150}"
EndProject
Project("{FAE04EC0-301F-11D3-BF4B-00C04F79EFBC}") = "CommandAPI.Tests", "test\CommandAPI.Tests\CommandAPI.Tests.csproj", "{361B0CE3-1915-4803-9D39-F9A6E6C123E2}"
EndProject
Global
	GlobalSection(SolutionConfigurationPlatforms) = preSolution
		Debug|Any CPU = Debug|Any CPU
		Debug|x64 = Debug|x64
		Debug|x86 = Debug|x86
		Release|Any CPU = Release|Any CPU
		Release|x64 = Release|x64
		Release|x86 = Release|x86
	EndGlobalSection
	GlobalSection(SolutionProperties) = preSolution
		HideSolutionNode = FALSE
	EndGlobalSection
	GlobalSection(ProjectConfigurationPlatforms) = postSolution
		{239D2E8F-6EDE-4A68-8AEB-6F825D537F9F}.Debug|Any CPU.ActiveCfg = Debug|Any CPU
		{239D2E8F-6EDE-4A68-8AEB-6F825D537F9F}.Debug|Any CPU.Build.0 = Debug|Any CPU
		{239D2E8F-6EDE-4A68-8AEB-6F825D537F9F}.Debug|x64.ActiveCfg = Debug|Any CPU
		{239D2E8F-6EDE-4A68-8AEB-6F825D537F9F}.Debug|x64.Build.0 = Debug|Any CPU
		{239D2E8F-6EDE-4A68-8AEB-6F825D537F9F}.Debug|x86.ActiveCfg = Debug|Any CPU
		{239D2E8F-6EDE-4A68-8AEB-6F825D537F9F}.Debug|x86.Build.0 = Debug|Any CPU
		{239D2E8F-6EDE-4A68-8AEB-6F825D537F9F}.Release|Any CPU.ActiveCfg = Release|Any CPU
		{239D2E8F-6EDE-4A68-8AEB-6F825D537F9F}.Release|Any CPU.Build.0 = Release|Any CPU
		{239D2E8F-6EDE-4A68-8AEB-6F825D537F9F}.Release|x64.ActiveCfg = Release|Any CPU
		{239D2E8F-6EDE-4A68-8AEB-6F825D537F9F}.Release|x64.Build.0 = Release|Any CPU
		{239D2E8F-6EDE-4A68-8AEB-6F825D537F9F}.Release|x86.ActiveCfg = Release|Any CPU
		{239D2E8F-6EDE-4A68-8AEB-6F825D537F9F}.Release|x86.Build.0 = Release|Any CPU
		{361B0CE3-1915-4803-9D39-F9A6E6C123E2}.Debug|Any CPU.ActiveCfg = Debug|Any CPU
		{361B0CE3-1915-4803-9D39-F9A6E6C123E2}.Debug|Any CPU.Build.0 = Debug|Any CPU
		{361B0CE3-1915-4803-9D39-F9A6E6C123E2}.Debug|x64.ActiveCfg = Debug|Any CPU
		{361B0CE3-1915-4803-9D39-F9A6E6C123E2}.Debug|x64.Build.0 = Debug|Any CPU
		{361B0CE3-1915-4803-9D39-F9A6E6C123E2}.Debug|x86.ActiveCfg = Debug|Any CPU
		{361B0CE3-1915-4803-9D39-F9A6E6C123E2}.Debug|x86.Build.0 = Debug|Any CPU
		{361B0CE3-1915-4803-9D39-F9A6E6C123E2}.Release|Any CPU.ActiveCfg = Release|Any CPU
		{361B0CE3-1915-4803-9D39-F9A6E6C123E2}.Release|Any CPU.Build.0 = Release|Any CPU
		{361B0CE3-1915-4803-9D39-F9A6E6C123E2}.Release|x64.ActiveCfg = Release|Any CPU
		{361B0CE3-1915-4803-9D39-F9A6E6C123E2}.Release|x64.Build.0 = Release|Any CPU
		{361B0CE3-1915-4803-9D39-F9A6E6C123E2}.Release|x86.ActiveCfg = Release|Any CPU
		{361B0CE3-1915-4803-9D39-F9A6E6C123E2}.Release|x86.Build.0 = Release|Any CPU
	EndGlobalSection
	GlobalSection(NestedProjects) = preSolution
		{239D2E8F-6EDE-4A68-8AEB-6F825D537F9F} = {87DFF164-31BC-4CF3-A777-E5CAD92B9004}
		{361B0CE3-1915-4803-9D39-F9A6E6C123E2} = {6E684416-54FF-498B-A7D0-F0BCB9A31150}
	EndGlobalSection
EndGlobal
